// !$*UTF8*$!
{
	archiveVersion = 1;
	classes = {
	};
	objectVersion = 56;
	objects = {

/* Begin PBXBuildFile section */
		C421EBB629BE32B0007C9AD1 /* StoreViewController.swift in Sources */ = {isa = PBXBuildFile; fileRef = C421EBB529BE32B0007C9AD1 /* StoreViewController.swift */; };
		C421EBB829BE32C0007C9AD1 /* StoreView.swift in Sources */ = {isa = PBXBuildFile; fileRef = C421EBB729BE32C0007C9AD1 /* StoreView.swift */; };
		C421EBBA29BE32E0007C9AD1 /* StoreInteractor.swift in Sources */ = {isa = PBXBuildFile; fileRef = C421EBB929BE32E0007C9AD1 /* StoreInteractor.swift */; };
		C421EBBC29BE32EC007C9AD1 /* StorePresenter.swift in Sources */ = {isa = PBXBuildFile; fileRef = C421EBBB29BE32EC007C9AD1 /* StorePresenter.swift */; };
		C421EBBF29BE8162007C9AD1 /* StoreCoordinator.swift in Sources */ = {isa = PBXBuildFile; fileRef = C421EBBE29BE8162007C9AD1 /* StoreCoordinator.swift */; };
		C444A8FF29BD7A58008E8018 /* PunaUI in Frameworks */ = {isa = PBXBuildFile; productRef = C444A8FE29BD7A58008E8018 /* PunaUI */; };
		C4DD51FD29BB912200463BBC /* SplashPresenter.swift in Sources */ = {isa = PBXBuildFile; fileRef = C4DD51FC29BB912200463BBC /* SplashPresenter.swift */; };
		C4DD51FF29BB913100463BBC /* SplashInteractor.swift in Sources */ = {isa = PBXBuildFile; fileRef = C4DD51FE29BB913100463BBC /* SplashInteractor.swift */; };
		C4DDDA4229BD5C1A00BBB16E /* PureLayout in Frameworks */ = {isa = PBXBuildFile; productRef = C4DDDA4129BD5C1A00BBB16E /* PureLayout */; };
		C4F96B4829AFF9C5008F1A57 /* AppDelegate.swift in Sources */ = {isa = PBXBuildFile; fileRef = C4F96B4729AFF9C5008F1A57 /* AppDelegate.swift */; };
		C4F96B4A29AFF9C5008F1A57 /* SceneDelegate.swift in Sources */ = {isa = PBXBuildFile; fileRef = C4F96B4929AFF9C5008F1A57 /* SceneDelegate.swift */; };
		C4F96B4F29AFF9C5008F1A57 /* Main.storyboard in Resources */ = {isa = PBXBuildFile; fileRef = C4F96B4D29AFF9C5008F1A57 /* Main.storyboard */; };
		C4F96B5129AFF9C7008F1A57 /* Assets.xcassets in Resources */ = {isa = PBXBuildFile; fileRef = C4F96B5029AFF9C7008F1A57 /* Assets.xcassets */; };
		C4F96B5429AFF9C7008F1A57 /* LaunchScreen.storyboard in Resources */ = {isa = PBXBuildFile; fileRef = C4F96B5229AFF9C7008F1A57 /* LaunchScreen.storyboard */; };
		C4F96B5F29AFF9C7008F1A57 /* CabStoreTests.swift in Sources */ = {isa = PBXBuildFile; fileRef = C4F96B5E29AFF9C7008F1A57 /* CabStoreTests.swift */; };
		C4F96B7929B00B97008F1A57 /* Alamofire in Frameworks */ = {isa = PBXBuildFile; productRef = C4F96B7829B00B97008F1A57 /* Alamofire */; };
		C4F96B7C29B00C0A008F1A57 /* SnapKit in Frameworks */ = {isa = PBXBuildFile; productRef = C4F96B7B29B00C0A008F1A57 /* SnapKit */; };
		C4F96B8429B00FF9008F1A57 /* SplashViewController.swift in Sources */ = {isa = PBXBuildFile; fileRef = C4F96B8329B00FF9008F1A57 /* SplashViewController.swift */; };
		C4F96B8729B010C6008F1A57 /* Coordinator.swift in Sources */ = {isa = PBXBuildFile; fileRef = C4F96B8629B010C6008F1A57 /* Coordinator.swift */; };
		C4F96B8A29B01139008F1A57 /* AplicationCoordinator.swift in Sources */ = {isa = PBXBuildFile; fileRef = C4F96B8929B01139008F1A57 /* AplicationCoordinator.swift */; };
		C4F96B8D29B01160008F1A57 /* SplashCoordinator.swift in Sources */ = {isa = PBXBuildFile; fileRef = C4F96B8C29B01160008F1A57 /* SplashCoordinator.swift */; };
		C4F96B8F29B02461008F1A57 /* SplashView.swift in Sources */ = {isa = PBXBuildFile; fileRef = C4F96B8E29B02461008F1A57 /* SplashView.swift */; };
		C4F96B9229B02D58008F1A57 /* CabifyAssets.swift in Sources */ = {isa = PBXBuildFile; fileRef = C4F96B9129B02D58008F1A57 /* CabifyAssets.swift */; };
		C4F96B9529B0301D008F1A57 /* CabifyAssetsTest.swift in Sources */ = {isa = PBXBuildFile; fileRef = C4F96B9429B0301D008F1A57 /* CabifyAssetsTest.swift */; };
		C4F96B9729B04C0E008F1A57 /* LinearProgressBar.swift in Sources */ = {isa = PBXBuildFile; fileRef = C4F96B9629B04C0E008F1A57 /* LinearProgressBar.swift */; };
		C4F96B9A29B05D4C008F1A57 /* SplashModels.swift in Sources */ = {isa = PBXBuildFile; fileRef = C4F96B9929B05D4C008F1A57 /* SplashModels.swift */; };
		C4F96B9F29B0F463008F1A57 /* CabifyRequestInterceptor.swift in Sources */ = {isa = PBXBuildFile; fileRef = C4F96B9C29B0F463008F1A57 /* CabifyRequestInterceptor.swift */; };
		C4F96BA029B0F463008F1A57 /* CabifyNetworkLogger.swift in Sources */ = {isa = PBXBuildFile; fileRef = C4F96B9D29B0F463008F1A57 /* CabifyNetworkLogger.swift */; };
		C4F96BA129B0F463008F1A57 /* CabifyApiManager.swift in Sources */ = {isa = PBXBuildFile; fileRef = C4F96B9E29B0F463008F1A57 /* CabifyApiManager.swift */; };
		C4F96BA529B0F4EE008F1A57 /* BuildConfiguration.swift in Sources */ = {isa = PBXBuildFile; fileRef = C4F96BA329B0F4EE008F1A57 /* BuildConfiguration.swift */; };
		C4F96BA629B0F4EE008F1A57 /* Configuration.swift in Sources */ = {isa = PBXBuildFile; fileRef = C4F96BA429B0F4EE008F1A57 /* Configuration.swift */; };
		C4F96BA929B0F500008F1A57 /* Rechability.swift in Sources */ = {isa = PBXBuildFile; fileRef = C4F96BA829B0F500008F1A57 /* Rechability.swift */; };
		C4F96BAC29B0F52B008F1A57 /* MessageError.swift in Sources */ = {isa = PBXBuildFile; fileRef = C4F96BAB29B0F52B008F1A57 /* MessageError.swift */; };
		C4F96BB929B0F89A008F1A57 /* ConfigurationProductsAPI.swift in Sources */ = {isa = PBXBuildFile; fileRef = C4F96BB229B0F89A008F1A57 /* ConfigurationProductsAPI.swift */; };
		C4F96BBA29B0F89A008F1A57 /* CabifyStoreConfigurations.plist in Resources */ = {isa = PBXBuildFile; fileRef = C4F96BB329B0F89A008F1A57 /* CabifyStoreConfigurations.plist */; };
		C4F96BBB29B0F89A008F1A57 /* ProductsAPI.swift in Sources */ = {isa = PBXBuildFile; fileRef = C4F96BB429B0F89A008F1A57 /* ProductsAPI.swift */; };
		C4F96BBC29B0F89A008F1A57 /* ListProductsWorker.swift in Sources */ = {isa = PBXBuildFile; fileRef = C4F96BB629B0F89A008F1A57 /* ListProductsWorker.swift */; };
		C4F96BBE29B0FF45008F1A57 /* Product.swift in Sources */ = {isa = PBXBuildFile; fileRef = C4F96BBD29B0FF45008F1A57 /* Product.swift */; };
		C4F96BC029B10877008F1A57 /* ProductModel.swift in Sources */ = {isa = PBXBuildFile; fileRef = C4F96BBF29B10877008F1A57 /* ProductModel.swift */; };
/* End PBXBuildFile section */

/* Begin PBXContainerItemProxy section */
		C4F96B5B29AFF9C7008F1A57 /* PBXContainerItemProxy */ = {
			isa = PBXContainerItemProxy;
			containerPortal = C4F96B3C29AFF9C5008F1A57 /* Project object */;
			proxyType = 1;
			remoteGlobalIDString = C4F96B4329AFF9C5008F1A57;
			remoteInfo = CabStore;
		};
/* End PBXContainerItemProxy section */

/* Begin PBXFileReference section */
		C421EBB529BE32B0007C9AD1 /* StoreViewController.swift */ = {isa = PBXFileReference; lastKnownFileType = sourcecode.swift; path = StoreViewController.swift; sourceTree = "<group>"; };
		C421EBB729BE32C0007C9AD1 /* StoreView.swift */ = {isa = PBXFileReference; lastKnownFileType = sourcecode.swift; path = StoreView.swift; sourceTree = "<group>"; };
		C421EBB929BE32E0007C9AD1 /* StoreInteractor.swift */ = {isa = PBXFileReference; lastKnownFileType = sourcecode.swift; path = StoreInteractor.swift; sourceTree = "<group>"; };
		C421EBBB29BE32EC007C9AD1 /* StorePresenter.swift */ = {isa = PBXFileReference; lastKnownFileType = sourcecode.swift; path = StorePresenter.swift; sourceTree = "<group>"; };
		C421EBBE29BE8162007C9AD1 /* StoreCoordinator.swift */ = {isa = PBXFileReference; lastKnownFileType = sourcecode.swift; path = StoreCoordinator.swift; sourceTree = "<group>"; };
		C4DD51FC29BB912200463BBC /* SplashPresenter.swift */ = {isa = PBXFileReference; lastKnownFileType = sourcecode.swift; path = SplashPresenter.swift; sourceTree = "<group>"; };
		C4DD51FE29BB913100463BBC /* SplashInteractor.swift */ = {isa = PBXFileReference; lastKnownFileType = sourcecode.swift; path = SplashInteractor.swift; sourceTree = "<group>"; };
		C4F96B4429AFF9C5008F1A57 /* CabStore.app */ = {isa = PBXFileReference; explicitFileType = wrapper.application; includeInIndex = 0; path = CabStore.app; sourceTree = BUILT_PRODUCTS_DIR; };
		C4F96B4729AFF9C5008F1A57 /* AppDelegate.swift */ = {isa = PBXFileReference; lastKnownFileType = sourcecode.swift; path = AppDelegate.swift; sourceTree = "<group>"; };
		C4F96B4929AFF9C5008F1A57 /* SceneDelegate.swift */ = {isa = PBXFileReference; lastKnownFileType = sourcecode.swift; path = SceneDelegate.swift; sourceTree = "<group>"; };
		C4F96B4E29AFF9C5008F1A57 /* Base */ = {isa = PBXFileReference; lastKnownFileType = file.storyboard; name = Base; path = Base.lproj/Main.storyboard; sourceTree = "<group>"; };
		C4F96B5029AFF9C7008F1A57 /* Assets.xcassets */ = {isa = PBXFileReference; lastKnownFileType = folder.assetcatalog; path = Assets.xcassets; sourceTree = "<group>"; };
		C4F96B5329AFF9C7008F1A57 /* Base */ = {isa = PBXFileReference; lastKnownFileType = file.storyboard; name = Base; path = Base.lproj/LaunchScreen.storyboard; sourceTree = "<group>"; };
		C4F96B5529AFF9C7008F1A57 /* Info.plist */ = {isa = PBXFileReference; lastKnownFileType = text.plist.xml; path = Info.plist; sourceTree = "<group>"; };
		C4F96B5A29AFF9C7008F1A57 /* CabStoreTests.xctest */ = {isa = PBXFileReference; explicitFileType = wrapper.cfbundle; includeInIndex = 0; path = CabStoreTests.xctest; sourceTree = BUILT_PRODUCTS_DIR; };
		C4F96B5E29AFF9C7008F1A57 /* CabStoreTests.swift */ = {isa = PBXFileReference; lastKnownFileType = sourcecode.swift; path = CabStoreTests.swift; sourceTree = "<group>"; };
		C4F96B6829AFF9C7008F1A57 /* CabStoreUITests.swift */ = {isa = PBXFileReference; lastKnownFileType = sourcecode.swift; path = CabStoreUITests.swift; sourceTree = "<group>"; };
		C4F96B6A29AFF9C7008F1A57 /* CabStoreUITestsLaunchTests.swift */ = {isa = PBXFileReference; lastKnownFileType = sourcecode.swift; path = CabStoreUITestsLaunchTests.swift; sourceTree = "<group>"; };
		C4F96B8329B00FF9008F1A57 /* SplashViewController.swift */ = {isa = PBXFileReference; lastKnownFileType = sourcecode.swift; path = SplashViewController.swift; sourceTree = "<group>"; };
		C4F96B8629B010C6008F1A57 /* Coordinator.swift */ = {isa = PBXFileReference; fileEncoding = 4; lastKnownFileType = sourcecode.swift; path = Coordinator.swift; sourceTree = "<group>"; };
		C4F96B8929B01139008F1A57 /* AplicationCoordinator.swift */ = {isa = PBXFileReference; fileEncoding = 4; lastKnownFileType = sourcecode.swift; path = AplicationCoordinator.swift; sourceTree = "<group>"; };
		C4F96B8C29B01160008F1A57 /* SplashCoordinator.swift */ = {isa = PBXFileReference; lastKnownFileType = sourcecode.swift; path = SplashCoordinator.swift; sourceTree = "<group>"; };
		C4F96B8E29B02461008F1A57 /* SplashView.swift */ = {isa = PBXFileReference; lastKnownFileType = sourcecode.swift; path = SplashView.swift; sourceTree = "<group>"; };
		C4F96B9129B02D58008F1A57 /* CabifyAssets.swift */ = {isa = PBXFileReference; fileEncoding = 4; lastKnownFileType = sourcecode.swift; path = CabifyAssets.swift; sourceTree = "<group>"; };
		C4F96B9429B0301D008F1A57 /* CabifyAssetsTest.swift */ = {isa = PBXFileReference; lastKnownFileType = sourcecode.swift; path = CabifyAssetsTest.swift; sourceTree = "<group>"; };
		C4F96B9629B04C0E008F1A57 /* LinearProgressBar.swift */ = {isa = PBXFileReference; fileEncoding = 4; lastKnownFileType = sourcecode.swift; path = LinearProgressBar.swift; sourceTree = "<group>"; };
		C4F96B9929B05D4C008F1A57 /* SplashModels.swift */ = {isa = PBXFileReference; lastKnownFileType = sourcecode.swift; path = SplashModels.swift; sourceTree = "<group>"; };
		C4F96B9C29B0F463008F1A57 /* CabifyRequestInterceptor.swift */ = {isa = PBXFileReference; fileEncoding = 4; lastKnownFileType = sourcecode.swift; path = CabifyRequestInterceptor.swift; sourceTree = "<group>"; };
		C4F96B9D29B0F463008F1A57 /* CabifyNetworkLogger.swift */ = {isa = PBXFileReference; fileEncoding = 4; lastKnownFileType = sourcecode.swift; path = CabifyNetworkLogger.swift; sourceTree = "<group>"; };
		C4F96B9E29B0F463008F1A57 /* CabifyApiManager.swift */ = {isa = PBXFileReference; fileEncoding = 4; lastKnownFileType = sourcecode.swift; path = CabifyApiManager.swift; sourceTree = "<group>"; };
		C4F96BA329B0F4EE008F1A57 /* BuildConfiguration.swift */ = {isa = PBXFileReference; fileEncoding = 4; lastKnownFileType = sourcecode.swift; path = BuildConfiguration.swift; sourceTree = "<group>"; };
		C4F96BA429B0F4EE008F1A57 /* Configuration.swift */ = {isa = PBXFileReference; fileEncoding = 4; lastKnownFileType = sourcecode.swift; path = Configuration.swift; sourceTree = "<group>"; };
		C4F96BA829B0F500008F1A57 /* Rechability.swift */ = {isa = PBXFileReference; fileEncoding = 4; lastKnownFileType = sourcecode.swift; path = Rechability.swift; sourceTree = "<group>"; };
		C4F96BAB29B0F52B008F1A57 /* MessageError.swift */ = {isa = PBXFileReference; fileEncoding = 4; lastKnownFileType = sourcecode.swift; path = MessageError.swift; sourceTree = "<group>"; };
		C4F96BB229B0F89A008F1A57 /* ConfigurationProductsAPI.swift */ = {isa = PBXFileReference; fileEncoding = 4; lastKnownFileType = sourcecode.swift; path = ConfigurationProductsAPI.swift; sourceTree = "<group>"; };
		C4F96BB329B0F89A008F1A57 /* CabifyStoreConfigurations.plist */ = {isa = PBXFileReference; fileEncoding = 4; lastKnownFileType = text.plist.xml; path = CabifyStoreConfigurations.plist; sourceTree = "<group>"; };
		C4F96BB429B0F89A008F1A57 /* ProductsAPI.swift */ = {isa = PBXFileReference; fileEncoding = 4; lastKnownFileType = sourcecode.swift; path = ProductsAPI.swift; sourceTree = "<group>"; };
		C4F96BB629B0F89A008F1A57 /* ListProductsWorker.swift */ = {isa = PBXFileReference; fileEncoding = 4; lastKnownFileType = sourcecode.swift; path = ListProductsWorker.swift; sourceTree = "<group>"; };
		C4F96BBD29B0FF45008F1A57 /* Product.swift */ = {isa = PBXFileReference; lastKnownFileType = sourcecode.swift; path = Product.swift; sourceTree = "<group>"; };
		C4F96BBF29B10877008F1A57 /* ProductModel.swift */ = {isa = PBXFileReference; lastKnownFileType = sourcecode.swift; path = ProductModel.swift; sourceTree = "<group>"; };
/* End PBXFileReference section */

/* Begin PBXFrameworksBuildPhase section */
		C4F96B4129AFF9C5008F1A57 /* Frameworks */ = {
			isa = PBXFrameworksBuildPhase;
			buildActionMask = 2147483647;
			files = (
				C444A8FF29BD7A58008E8018 /* PunaUI in Frameworks */,
				C4DDDA4229BD5C1A00BBB16E /* PureLayout in Frameworks */,
				C4F96B7929B00B97008F1A57 /* Alamofire in Frameworks */,
				C4F96B7C29B00C0A008F1A57 /* SnapKit in Frameworks */,
			);
			runOnlyForDeploymentPostprocessing = 0;
		};
		C4F96B5729AFF9C7008F1A57 /* Frameworks */ = {
			isa = PBXFrameworksBuildPhase;
			buildActionMask = 2147483647;
			files = (
			);
			runOnlyForDeploymentPostprocessing = 0;
		};
/* End PBXFrameworksBuildPhase section */

/* Begin PBXGroup section */
		C421EBBD29BE814C007C9AD1 /* Coordinator */ = {
			isa = PBXGroup;
			children = (
				C421EBBE29BE8162007C9AD1 /* StoreCoordinator.swift */,
			);
			path = Coordinator;
			sourceTree = "<group>";
		};
		C4DD51F729BB8B6F00463BBC /* Presenter */ = {
			isa = PBXGroup;
			children = (
				C4DD51FC29BB912200463BBC /* SplashPresenter.swift */,
			);
			path = Presenter;
			sourceTree = "<group>";
		};
		C4DD51F829BB8B9000463BBC /* Interactor */ = {
			isa = PBXGroup;
			children = (
				C4DD51FE29BB913100463BBC /* SplashInteractor.swift */,
			);
			path = Interactor;
			sourceTree = "<group>";
		};
		C4DD51F929BB8BBA00463BBC /* View */ = {
			isa = PBXGroup;
			children = (
			);
			path = View;
			sourceTree = "<group>";
		};
		C4DD51FA29BB8BBF00463BBC /* Interactor */ = {
			isa = PBXGroup;
			children = (
			);
			path = Interactor;
			sourceTree = "<group>";
		};
		C4DD51FB29BB8BC700463BBC /* Presenter */ = {
			isa = PBXGroup;
			children = (
			);
			path = Presenter;
			sourceTree = "<group>";
		};
		C4DD520029BC2F7500463BBC /* View */ = {
			isa = PBXGroup;
			children = (
				C421EBB529BE32B0007C9AD1 /* StoreViewController.swift */,
				C421EBB729BE32C0007C9AD1 /* StoreView.swift */,
			);
			path = View;
			sourceTree = "<group>";
		};
		C4DD520129BC2F7A00463BBC /* Interactor */ = {
			isa = PBXGroup;
			children = (
				C421EBB929BE32E0007C9AD1 /* StoreInteractor.swift */,
			);
			path = Interactor;
			sourceTree = "<group>";
		};
		C4DD520229BC2F8400463BBC /* Presenter */ = {
			isa = PBXGroup;
			children = (
				C421EBBB29BE32EC007C9AD1 /* StorePresenter.swift */,
			);
			path = Presenter;
			sourceTree = "<group>";
		};
		C4F96B3B29AFF9C5008F1A57 = {
			isa = PBXGroup;
			children = (
				C4F96B4629AFF9C5008F1A57 /* CabStore */,
				C4F96B5D29AFF9C7008F1A57 /* CabStoreTests */,
				C4F96B6729AFF9C7008F1A57 /* CabStoreUITests */,
				C4F96B4529AFF9C5008F1A57 /* Products */,
			);
			sourceTree = "<group>";
		};
		C4F96B4529AFF9C5008F1A57 /* Products */ = {
			isa = PBXGroup;
			children = (
				C4F96B4429AFF9C5008F1A57 /* CabStore.app */,
				C4F96B5A29AFF9C7008F1A57 /* CabStoreTests.xctest */,
			);
			name = Products;
			sourceTree = "<group>";
		};
		C4F96B4629AFF9C5008F1A57 /* CabStore */ = {
			isa = PBXGroup;
			children = (
				C4F96B9029B02D58008F1A57 /* Resources */,
				C4F96B8829B01139008F1A57 /* Aplication */,
				C4F96B8529B010BE008F1A57 /* Commons */,
				C4F96B7D29B00FA0008F1A57 /* Scenes */,
				C4F96B4729AFF9C5008F1A57 /* AppDelegate.swift */,
				C4F96B4929AFF9C5008F1A57 /* SceneDelegate.swift */,
				C4F96B4D29AFF9C5008F1A57 /* Main.storyboard */,
				C4F96B5029AFF9C7008F1A57 /* Assets.xcassets */,
				C4F96B5229AFF9C7008F1A57 /* LaunchScreen.storyboard */,
				C4F96B5529AFF9C7008F1A57 /* Info.plist */,
			);
			path = CabStore;
			sourceTree = "<group>";
		};
		C4F96B5D29AFF9C7008F1A57 /* CabStoreTests */ = {
			isa = PBXGroup;
			children = (
				C4F96B9329B02FFF008F1A57 /* ResourcesTest */,
				C4F96B5E29AFF9C7008F1A57 /* CabStoreTests.swift */,
			);
			path = CabStoreTests;
			sourceTree = "<group>";
		};
		C4F96B6729AFF9C7008F1A57 /* CabStoreUITests */ = {
			isa = PBXGroup;
			children = (
				C4F96B6829AFF9C7008F1A57 /* CabStoreUITests.swift */,
				C4F96B6A29AFF9C7008F1A57 /* CabStoreUITestsLaunchTests.swift */,
			);
			path = CabStoreUITests;
			sourceTree = "<group>";
		};
		C4F96B7D29B00FA0008F1A57 /* Scenes */ = {
			isa = PBXGroup;
			children = (
				C4F96B7E29B00FA7008F1A57 /* Splash */,
				C4F96B7F29B00FB0008F1A57 /* Store */,
				C4F96B8029B00FC2008F1A57 /* Cart */,
			);
			path = Scenes;
			sourceTree = "<group>";
		};
		C4F96B7E29B00FA7008F1A57 /* Splash */ = {
			isa = PBXGroup;
			children = (
				C4F96B8129B00FCE008F1A57 /* View */,
				C4DD51F829BB8B9000463BBC /* Interactor */,
				C4DD51F729BB8B6F00463BBC /* Presenter */,
				C4F96BB529B0F89A008F1A57 /* Worker */,
				C4F96BAD29B0F89A008F1A57 /* Model */,
				C4F96B8B29B01153008F1A57 /* Coordinator */,
			);
			path = Splash;
			sourceTree = "<group>";
		};
		C4F96B7F29B00FB0008F1A57 /* Store */ = {
			isa = PBXGroup;
			children = (
				C421EBBD29BE814C007C9AD1 /* Coordinator */,
				C4DD520029BC2F7500463BBC /* View */,
				C4DD520129BC2F7A00463BBC /* Interactor */,
				C4DD520229BC2F8400463BBC /* Presenter */,
			);
			path = Store;
			sourceTree = "<group>";
		};
		C4F96B8029B00FC2008F1A57 /* Cart */ = {
			isa = PBXGroup;
			children = (
				C4DD51F929BB8BBA00463BBC /* View */,
				C4DD51FA29BB8BBF00463BBC /* Interactor */,
				C4DD51FB29BB8BC700463BBC /* Presenter */,
			);
			path = Cart;
			sourceTree = "<group>";
		};
		C4F96B8129B00FCE008F1A57 /* View */ = {
			isa = PBXGroup;
			children = (
				C4F96B8229B00FD3008F1A57 /* Components */,
				C4F96B8329B00FF9008F1A57 /* SplashViewController.swift */,
				C4F96B8E29B02461008F1A57 /* SplashView.swift */,
			);
			path = View;
			sourceTree = "<group>";
		};
		C4F96B8229B00FD3008F1A57 /* Components */ = {
			isa = PBXGroup;
			children = (
			);
			path = Components;
			sourceTree = "<group>";
		};
		C4F96B8529B010BE008F1A57 /* Commons */ = {
			isa = PBXGroup;
			children = (
				C4F96BAA29B0F52B008F1A57 /* Error */,
				C4F96BA729B0F500008F1A57 /* Rechability */,
				C4F96BA229B0F4EE008F1A57 /* Enviroments */,
				C4F96B9B29B0F444008F1A57 /* NetworkLayer */,
				C4F96B9629B04C0E008F1A57 /* LinearProgressBar.swift */,
				C4F96B8629B010C6008F1A57 /* Coordinator.swift */,
			);
			path = Commons;
			sourceTree = "<group>";
		};
		C4F96B8829B01139008F1A57 /* Aplication */ = {
			isa = PBXGroup;
			children = (
				C4F96B8929B01139008F1A57 /* AplicationCoordinator.swift */,
			);
			path = Aplication;
			sourceTree = "<group>";
		};
		C4F96B8B29B01153008F1A57 /* Coordinator */ = {
			isa = PBXGroup;
			children = (
				C4F96B8C29B01160008F1A57 /* SplashCoordinator.swift */,
			);
			path = Coordinator;
			sourceTree = "<group>";
		};
		C4F96B9029B02D58008F1A57 /* Resources */ = {
			isa = PBXGroup;
			children = (
				C4F96B9129B02D58008F1A57 /* CabifyAssets.swift */,
			);
			path = Resources;
			sourceTree = "<group>";
		};
		C4F96B9329B02FFF008F1A57 /* ResourcesTest */ = {
			isa = PBXGroup;
			children = (
				C4F96B9429B0301D008F1A57 /* CabifyAssetsTest.swift */,
			);
			path = ResourcesTest;
			sourceTree = "<group>";
		};
		C4F96B9829B058A8008F1A57 /* ViewModel */ = {
			isa = PBXGroup;
			children = (
				C4F96B9929B05D4C008F1A57 /* SplashModels.swift */,
			);
			path = ViewModel;
			sourceTree = "<group>";
		};
		C4F96B9B29B0F444008F1A57 /* NetworkLayer */ = {
			isa = PBXGroup;
			children = (
				C4F96B9E29B0F463008F1A57 /* CabifyApiManager.swift */,
				C4F96B9D29B0F463008F1A57 /* CabifyNetworkLogger.swift */,
				C4F96B9C29B0F463008F1A57 /* CabifyRequestInterceptor.swift */,
			);
			path = NetworkLayer;
			sourceTree = "<group>";
		};
		C4F96BA229B0F4EE008F1A57 /* Enviroments */ = {
			isa = PBXGroup;
			children = (
				C4F96BA329B0F4EE008F1A57 /* BuildConfiguration.swift */,
				C4F96BA429B0F4EE008F1A57 /* Configuration.swift */,
			);
			path = Enviroments;
			sourceTree = "<group>";
		};
		C4F96BA729B0F500008F1A57 /* Rechability */ = {
			isa = PBXGroup;
			children = (
				C4F96BA829B0F500008F1A57 /* Rechability.swift */,
			);
			path = Rechability;
			sourceTree = "<group>";
		};
		C4F96BAA29B0F52B008F1A57 /* Error */ = {
			isa = PBXGroup;
			children = (
				C4F96BAB29B0F52B008F1A57 /* MessageError.swift */,
			);
			path = Error;
			sourceTree = "<group>";
		};
		C4F96BAD29B0F89A008F1A57 /* Model */ = {
			isa = PBXGroup;
			children = (
				C4F96B9829B058A8008F1A57 /* ViewModel */,
				C4F96BB029B0F89A008F1A57 /* API */,
				C4F96BBF29B10877008F1A57 /* ProductModel.swift */,
			);
			path = Model;
			sourceTree = "<group>";
		};
		C4F96BB029B0F89A008F1A57 /* API */ = {
			isa = PBXGroup;
			children = (
				C4F96BB129B0F89A008F1A57 /* Configurations */,
				C4F96BB429B0F89A008F1A57 /* ProductsAPI.swift */,
				C4F96BBD29B0FF45008F1A57 /* Product.swift */,
			);
			path = API;
			sourceTree = "<group>";
		};
		C4F96BB129B0F89A008F1A57 /* Configurations */ = {
			isa = PBXGroup;
			children = (
				C4F96BB229B0F89A008F1A57 /* ConfigurationProductsAPI.swift */,
				C4F96BB329B0F89A008F1A57 /* CabifyStoreConfigurations.plist */,
			);
			path = Configurations;
			sourceTree = "<group>";
		};
		C4F96BB529B0F89A008F1A57 /* Worker */ = {
			isa = PBXGroup;
			children = (
				C4F96BB629B0F89A008F1A57 /* ListProductsWorker.swift */,
			);
			path = Worker;
			sourceTree = "<group>";
		};
/* End PBXGroup section */

/* Begin PBXNativeTarget section */
		C4F96B4329AFF9C5008F1A57 /* CabStore */ = {
			isa = PBXNativeTarget;
			buildConfigurationList = C4F96B6E29AFF9C7008F1A57 /* Build configuration list for PBXNativeTarget "CabStore" */;
			buildPhases = (
				C4F96B4029AFF9C5008F1A57 /* Sources */,
				C4F96B4129AFF9C5008F1A57 /* Frameworks */,
				C4F96B4229AFF9C5008F1A57 /* Resources */,
				C426EDCB29BC490400431680 /* ShellScript */,
			);
			buildRules = (
			);
			dependencies = (
			);
			name = CabStore;
			packageProductDependencies = (
				C4F96B7829B00B97008F1A57 /* Alamofire */,
				C4F96B7B29B00C0A008F1A57 /* SnapKit */,
				C4DDDA4129BD5C1A00BBB16E /* PureLayout */,
				C444A8FE29BD7A58008E8018 /* PunaUI */,
			);
			productName = CabStore;
			productReference = C4F96B4429AFF9C5008F1A57 /* CabStore.app */;
			productType = "com.apple.product-type.application";
		};
		C4F96B5929AFF9C7008F1A57 /* CabStoreTests */ = {
			isa = PBXNativeTarget;
			buildConfigurationList = C4F96B7129AFF9C7008F1A57 /* Build configuration list for PBXNativeTarget "CabStoreTests" */;
			buildPhases = (
				C4F96B5629AFF9C7008F1A57 /* Sources */,
				C4F96B5729AFF9C7008F1A57 /* Frameworks */,
				C4F96B5829AFF9C7008F1A57 /* Resources */,
			);
			buildRules = (
			);
			dependencies = (
				C4F96B5C29AFF9C7008F1A57 /* PBXTargetDependency */,
			);
			name = CabStoreTests;
			productName = CabStoreTests;
			productReference = C4F96B5A29AFF9C7008F1A57 /* CabStoreTests.xctest */;
			productType = "com.apple.product-type.bundle.unit-test";
		};
/* End PBXNativeTarget section */

/* Begin PBXProject section */
		C4F96B3C29AFF9C5008F1A57 /* Project object */ = {
			isa = PBXProject;
			attributes = {
				BuildIndependentTargetsInParallel = 1;
				LastSwiftUpdateCheck = 1420;
				LastUpgradeCheck = 1420;
				TargetAttributes = {
					C4F96B4329AFF9C5008F1A57 = {
						CreatedOnToolsVersion = 14.2;
					};
					C4F96B5929AFF9C7008F1A57 = {
						CreatedOnToolsVersion = 14.2;
						TestTargetID = C4F96B4329AFF9C5008F1A57;
					};
				};
			};
			buildConfigurationList = C4F96B3F29AFF9C5008F1A57 /* Build configuration list for PBXProject "CabStore" */;
			compatibilityVersion = "Xcode 14.0";
			developmentRegion = en;
			hasScannedForEncodings = 0;
			knownRegions = (
				en,
				Base,
			);
			mainGroup = C4F96B3B29AFF9C5008F1A57;
			packageReferences = (
				C4F96B7729B00B97008F1A57 /* XCRemoteSwiftPackageReference "Alamofire" */,
				C4F96B7A29B00C0A008F1A57 /* XCRemoteSwiftPackageReference "SnapKit" */,
				C4DDDA4029BD5C1A00BBB16E /* XCRemoteSwiftPackageReference "PureLayout" */,
				C444A8FD29BD7A58008E8018 /* XCRemoteSwiftPackageReference "PunaUI" */,
			);
			productRefGroup = C4F96B4529AFF9C5008F1A57 /* Products */;
			projectDirPath = "";
			projectRoot = "";
			targets = (
				C4F96B4329AFF9C5008F1A57 /* CabStore */,
				C4F96B5929AFF9C7008F1A57 /* CabStoreTests */,
			);
		};
/* End PBXProject section */

/* Begin PBXResourcesBuildPhase section */
		C4F96B4229AFF9C5008F1A57 /* Resources */ = {
			isa = PBXResourcesBuildPhase;
			buildActionMask = 2147483647;
			files = (
				C4F96B5429AFF9C7008F1A57 /* LaunchScreen.storyboard in Resources */,
				C4F96B5129AFF9C7008F1A57 /* Assets.xcassets in Resources */,
				C4F96BBA29B0F89A008F1A57 /* CabifyStoreConfigurations.plist in Resources */,
				C4F96B4F29AFF9C5008F1A57 /* Main.storyboard in Resources */,
			);
			runOnlyForDeploymentPostprocessing = 0;
		};
		C4F96B5829AFF9C7008F1A57 /* Resources */ = {
			isa = PBXResourcesBuildPhase;
			buildActionMask = 2147483647;
			files = (
			);
			runOnlyForDeploymentPostprocessing = 0;
		};
/* End PBXResourcesBuildPhase section */

/* Begin PBXShellScriptBuildPhase section */
		C426EDCB29BC490400431680 /* ShellScript */ = {
			isa = PBXShellScriptBuildPhase;
			alwaysOutOfDate = 1;
			buildActionMask = 12;
			files = (
			);
			inputFileListPaths = (
			);
			inputPaths = (
				"$(SRCROOT)/.swiftlint.yml",
			);
			outputFileListPaths = (
			);
			outputPaths = (
			);
			runOnlyForDeploymentPostprocessing = 0;
			shellPath = /bin/sh;
			shellScript = "if which swiftlint >/dev/null; then\n  swiftlint\nelse\n  echo \"warning: SwiftLint not installed, download from https://github.com/realm/SwiftLint\"\nfi\n";
		};
/* End PBXShellScriptBuildPhase section */

/* Begin PBXSourcesBuildPhase section */
		C4F96B4029AFF9C5008F1A57 /* Sources */ = {
			isa = PBXSourcesBuildPhase;
			buildActionMask = 2147483647;
			files = (
				C4F96BA029B0F463008F1A57 /* CabifyNetworkLogger.swift in Sources */,
				C4F96B9F29B0F463008F1A57 /* CabifyRequestInterceptor.swift in Sources */,
				C4F96BAC29B0F52B008F1A57 /* MessageError.swift in Sources */,
				C4F96B8A29B01139008F1A57 /* AplicationCoordinator.swift in Sources */,
				C421EBBC29BE32EC007C9AD1 /* StorePresenter.swift in Sources */,
				C4F96B8F29B02461008F1A57 /* SplashView.swift in Sources */,
				C4F96BA129B0F463008F1A57 /* CabifyApiManager.swift in Sources */,
				C4F96B4829AFF9C5008F1A57 /* AppDelegate.swift in Sources */,
				C4DD51FF29BB913100463BBC /* SplashInteractor.swift in Sources */,
				C4F96BC029B10877008F1A57 /* ProductModel.swift in Sources */,
				C4F96BA629B0F4EE008F1A57 /* Configuration.swift in Sources */,
				C421EBB629BE32B0007C9AD1 /* StoreViewController.swift in Sources */,
				C4DD51FD29BB912200463BBC /* SplashPresenter.swift in Sources */,
				C4F96B8729B010C6008F1A57 /* Coordinator.swift in Sources */,
				C4F96B8D29B01160008F1A57 /* SplashCoordinator.swift in Sources */,
				C4F96BBC29B0F89A008F1A57 /* ListProductsWorker.swift in Sources */,
				C421EBBF29BE8162007C9AD1 /* StoreCoordinator.swift in Sources */,
				C4F96B9A29B05D4C008F1A57 /* SplashModels.swift in Sources */,
				C4F96BB929B0F89A008F1A57 /* ConfigurationProductsAPI.swift in Sources */,
				C421EBBA29BE32E0007C9AD1 /* StoreInteractor.swift in Sources */,
				C4F96BA529B0F4EE008F1A57 /* BuildConfiguration.swift in Sources */,
				C421EBB829BE32C0007C9AD1 /* StoreView.swift in Sources */,
				C4F96B9729B04C0E008F1A57 /* LinearProgressBar.swift in Sources */,
				C4F96BA929B0F500008F1A57 /* Rechability.swift in Sources */,
				C4F96B4A29AFF9C5008F1A57 /* SceneDelegate.swift in Sources */,
				C4F96B8429B00FF9008F1A57 /* SplashViewController.swift in Sources */,
				C4F96BBB29B0F89A008F1A57 /* ProductsAPI.swift in Sources */,
				C4F96B9229B02D58008F1A57 /* CabifyAssets.swift in Sources */,
				C4F96BBE29B0FF45008F1A57 /* Product.swift in Sources */,
			);
			runOnlyForDeploymentPostprocessing = 0;
		};
		C4F96B5629AFF9C7008F1A57 /* Sources */ = {
			isa = PBXSourcesBuildPhase;
			buildActionMask = 2147483647;
			files = (
				C4F96B9529B0301D008F1A57 /* CabifyAssetsTest.swift in Sources */,
				C4F96B5F29AFF9C7008F1A57 /* CabStoreTests.swift in Sources */,
			);
			runOnlyForDeploymentPostprocessing = 0;
		};
/* End PBXSourcesBuildPhase section */

/* Begin PBXTargetDependency section */
		C4F96B5C29AFF9C7008F1A57 /* PBXTargetDependency */ = {
			isa = PBXTargetDependency;
			target = C4F96B4329AFF9C5008F1A57 /* CabStore */;
			targetProxy = C4F96B5B29AFF9C7008F1A57 /* PBXContainerItemProxy */;
		};
/* End PBXTargetDependency section */

/* Begin PBXVariantGroup section */
		C4F96B4D29AFF9C5008F1A57 /* Main.storyboard */ = {
			isa = PBXVariantGroup;
			children = (
				C4F96B4E29AFF9C5008F1A57 /* Base */,
			);
			name = Main.storyboard;
			sourceTree = "<group>";
		};
		C4F96B5229AFF9C7008F1A57 /* LaunchScreen.storyboard */ = {
			isa = PBXVariantGroup;
			children = (
				C4F96B5329AFF9C7008F1A57 /* Base */,
			);
			name = LaunchScreen.storyboard;
			sourceTree = "<group>";
		};
/* End PBXVariantGroup section */

/* Begin XCBuildConfiguration section */
		C4F96B6C29AFF9C7008F1A57 /* Debug */ = {
			isa = XCBuildConfiguration;
			buildSettings = {
				ALWAYS_SEARCH_USER_PATHS = NO;
				CLANG_ANALYZER_NONNULL = YES;
				CLANG_ANALYZER_NUMBER_OBJECT_CONVERSION = YES_AGGRESSIVE;
				CLANG_CXX_LANGUAGE_STANDARD = "gnu++20";
				CLANG_ENABLE_MODULES = YES;
				CLANG_ENABLE_OBJC_ARC = YES;
				CLANG_ENABLE_OBJC_WEAK = YES;
				CLANG_WARN_BLOCK_CAPTURE_AUTORELEASING = YES;
				CLANG_WARN_BOOL_CONVERSION = YES;
				CLANG_WARN_COMMA = YES;
				CLANG_WARN_CONSTANT_CONVERSION = YES;
				CLANG_WARN_DEPRECATED_OBJC_IMPLEMENTATIONS = YES;
				CLANG_WARN_DIRECT_OBJC_ISA_USAGE = YES_ERROR;
				CLANG_WARN_DOCUMENTATION_COMMENTS = YES;
				CLANG_WARN_EMPTY_BODY = YES;
				CLANG_WARN_ENUM_CONVERSION = YES;
				CLANG_WARN_INFINITE_RECURSION = YES;
				CLANG_WARN_INT_CONVERSION = YES;
				CLANG_WARN_NON_LITERAL_NULL_CONVERSION = YES;
				CLANG_WARN_OBJC_IMPLICIT_RETAIN_SELF = YES;
				CLANG_WARN_OBJC_LITERAL_CONVERSION = YES;
				CLANG_WARN_OBJC_ROOT_CLASS = YES_ERROR;
				CLANG_WARN_QUOTED_INCLUDE_IN_FRAMEWORK_HEADER = YES;
				CLANG_WARN_RANGE_LOOP_ANALYSIS = YES;
				CLANG_WARN_STRICT_PROTOTYPES = YES;
				CLANG_WARN_SUSPICIOUS_MOVE = YES;
				CLANG_WARN_UNGUARDED_AVAILABILITY = YES_AGGRESSIVE;
				CLANG_WARN_UNREACHABLE_CODE = YES;
				CLANG_WARN__DUPLICATE_METHOD_MATCH = YES;
				COPY_PHASE_STRIP = NO;
				DEBUG_INFORMATION_FORMAT = dwarf;
				ENABLE_STRICT_OBJC_MSGSEND = YES;
				ENABLE_TESTABILITY = YES;
				GCC_C_LANGUAGE_STANDARD = gnu11;
				GCC_DYNAMIC_NO_PIC = NO;
				GCC_NO_COMMON_BLOCKS = YES;
				GCC_OPTIMIZATION_LEVEL = 0;
				GCC_PREPROCESSOR_DEFINITIONS = (
					"DEBUG=1",
					"$(inherited)",
				);
				GCC_WARN_64_TO_32_BIT_CONVERSION = YES;
				GCC_WARN_ABOUT_RETURN_TYPE = YES_ERROR;
				GCC_WARN_UNDECLARED_SELECTOR = YES;
				GCC_WARN_UNINITIALIZED_AUTOS = YES_AGGRESSIVE;
				GCC_WARN_UNUSED_FUNCTION = YES;
				GCC_WARN_UNUSED_VARIABLE = YES;
				IPHONEOS_DEPLOYMENT_TARGET = 13.0;
				MTL_ENABLE_DEBUG_INFO = INCLUDE_SOURCE;
				MTL_FAST_MATH = YES;
				ONLY_ACTIVE_ARCH = YES;
				SDKROOT = iphoneos;
				SWIFT_ACTIVE_COMPILATION_CONDITIONS = DEBUG;
				SWIFT_OPTIMIZATION_LEVEL = "-Onone";
			};
			name = Debug;
		};
		C4F96B6D29AFF9C7008F1A57 /* Release */ = {
			isa = XCBuildConfiguration;
			buildSettings = {
				ALWAYS_SEARCH_USER_PATHS = NO;
				CLANG_ANALYZER_NONNULL = YES;
				CLANG_ANALYZER_NUMBER_OBJECT_CONVERSION = YES_AGGRESSIVE;
				CLANG_CXX_LANGUAGE_STANDARD = "gnu++20";
				CLANG_ENABLE_MODULES = YES;
				CLANG_ENABLE_OBJC_ARC = YES;
				CLANG_ENABLE_OBJC_WEAK = YES;
				CLANG_WARN_BLOCK_CAPTURE_AUTORELEASING = YES;
				CLANG_WARN_BOOL_CONVERSION = YES;
				CLANG_WARN_COMMA = YES;
				CLANG_WARN_CONSTANT_CONVERSION = YES;
				CLANG_WARN_DEPRECATED_OBJC_IMPLEMENTATIONS = YES;
				CLANG_WARN_DIRECT_OBJC_ISA_USAGE = YES_ERROR;
				CLANG_WARN_DOCUMENTATION_COMMENTS = YES;
				CLANG_WARN_EMPTY_BODY = YES;
				CLANG_WARN_ENUM_CONVERSION = YES;
				CLANG_WARN_INFINITE_RECURSION = YES;
				CLANG_WARN_INT_CONVERSION = YES;
				CLANG_WARN_NON_LITERAL_NULL_CONVERSION = YES;
				CLANG_WARN_OBJC_IMPLICIT_RETAIN_SELF = YES;
				CLANG_WARN_OBJC_LITERAL_CONVERSION = YES;
				CLANG_WARN_OBJC_ROOT_CLASS = YES_ERROR;
				CLANG_WARN_QUOTED_INCLUDE_IN_FRAMEWORK_HEADER = YES;
				CLANG_WARN_RANGE_LOOP_ANALYSIS = YES;
				CLANG_WARN_STRICT_PROTOTYPES = YES;
				CLANG_WARN_SUSPICIOUS_MOVE = YES;
				CLANG_WARN_UNGUARDED_AVAILABILITY = YES_AGGRESSIVE;
				CLANG_WARN_UNREACHABLE_CODE = YES;
				CLANG_WARN__DUPLICATE_METHOD_MATCH = YES;
				COPY_PHASE_STRIP = NO;
				DEBUG_INFORMATION_FORMAT = "dwarf-with-dsym";
				ENABLE_NS_ASSERTIONS = NO;
				ENABLE_STRICT_OBJC_MSGSEND = YES;
				GCC_C_LANGUAGE_STANDARD = gnu11;
				GCC_NO_COMMON_BLOCKS = YES;
				GCC_WARN_64_TO_32_BIT_CONVERSION = YES;
				GCC_WARN_ABOUT_RETURN_TYPE = YES_ERROR;
				GCC_WARN_UNDECLARED_SELECTOR = YES;
				GCC_WARN_UNINITIALIZED_AUTOS = YES_AGGRESSIVE;
				GCC_WARN_UNUSED_FUNCTION = YES;
				GCC_WARN_UNUSED_VARIABLE = YES;
				IPHONEOS_DEPLOYMENT_TARGET = 13.0;
				MTL_ENABLE_DEBUG_INFO = NO;
				MTL_FAST_MATH = YES;
				SDKROOT = iphoneos;
				SWIFT_COMPILATION_MODE = wholemodule;
				SWIFT_OPTIMIZATION_LEVEL = "-O";
				VALIDATE_PRODUCT = YES;
			};
			name = Release;
		};
		C4F96B6F29AFF9C7008F1A57 /* Debug */ = {
			isa = XCBuildConfiguration;
			buildSettings = {
				ASSETCATALOG_COMPILER_APPICON_NAME = AppIcon;
				ASSETCATALOG_COMPILER_GLOBAL_ACCENT_COLOR_NAME = AccentColor;
				CODE_SIGN_STYLE = Automatic;
				CURRENT_PROJECT_VERSION = 1;
				DEVELOPMENT_TEAM = 73A3QCVC2H;
				GENERATE_INFOPLIST_FILE = YES;
				INFOPLIST_FILE = CabStore/Info.plist;
				INFOPLIST_KEY_UIApplicationSupportsIndirectInputEvents = YES;
				INFOPLIST_KEY_UILaunchStoryboardName = LaunchScreen;
				INFOPLIST_KEY_UIMainStoryboardFile = Main;
				INFOPLIST_KEY_UISupportedInterfaceOrientations_iPad = "UIInterfaceOrientationPortrait UIInterfaceOrientationPortraitUpsideDown UIInterfaceOrientationLandscapeLeft UIInterfaceOrientationLandscapeRight";
				INFOPLIST_KEY_UISupportedInterfaceOrientations_iPhone = "UIInterfaceOrientationPortrait UIInterfaceOrientationLandscapeLeft UIInterfaceOrientationLandscapeRight";
				LD_RUNPATH_SEARCH_PATHS = (
					"$(inherited)",
					"@executable_path/Frameworks",
				);
				MARKETING_VERSION = 1.0;
				PRODUCT_BUNDLE_IDENTIFIER = com.quimalabs.CabStore;
				PRODUCT_NAME = "$(TARGET_NAME)";
				SWIFT_EMIT_LOC_STRINGS = YES;
				SWIFT_VERSION = 5.0;
				TARGETED_DEVICE_FAMILY = "1,2";
			};
			name = Debug;
		};
		C4F96B7029AFF9C7008F1A57 /* Release */ = {
			isa = XCBuildConfiguration;
			buildSettings = {
				ASSETCATALOG_COMPILER_APPICON_NAME = AppIcon;
				ASSETCATALOG_COMPILER_GLOBAL_ACCENT_COLOR_NAME = AccentColor;
				CODE_SIGN_STYLE = Automatic;
				CURRENT_PROJECT_VERSION = 1;
				DEVELOPMENT_TEAM = 73A3QCVC2H;
				GENERATE_INFOPLIST_FILE = YES;
				INFOPLIST_FILE = CabStore/Info.plist;
				INFOPLIST_KEY_UIApplicationSupportsIndirectInputEvents = YES;
				INFOPLIST_KEY_UILaunchStoryboardName = LaunchScreen;
				INFOPLIST_KEY_UIMainStoryboardFile = Main;
				INFOPLIST_KEY_UISupportedInterfaceOrientations_iPad = "UIInterfaceOrientationPortrait UIInterfaceOrientationPortraitUpsideDown UIInterfaceOrientationLandscapeLeft UIInterfaceOrientationLandscapeRight";
				INFOPLIST_KEY_UISupportedInterfaceOrientations_iPhone = "UIInterfaceOrientationPortrait UIInterfaceOrientationLandscapeLeft UIInterfaceOrientationLandscapeRight";
				LD_RUNPATH_SEARCH_PATHS = (
					"$(inherited)",
					"@executable_path/Frameworks",
				);
				MARKETING_VERSION = 1.0;
				PRODUCT_BUNDLE_IDENTIFIER = com.quimalabs.CabStore;
				PRODUCT_NAME = "$(TARGET_NAME)";
				SWIFT_EMIT_LOC_STRINGS = YES;
				SWIFT_VERSION = 5.0;
				TARGETED_DEVICE_FAMILY = "1,2";
			};
			name = Release;
		};
		C4F96B7229AFF9C7008F1A57 /* Debug */ = {
			isa = XCBuildConfiguration;
			buildSettings = {
				ALWAYS_EMBED_SWIFT_STANDARD_LIBRARIES = YES;
				BUNDLE_LOADER = "$(TEST_HOST)";
				CODE_SIGN_STYLE = Automatic;
				CURRENT_PROJECT_VERSION = 1;
				DEVELOPMENT_TEAM = 73A3QCVC2H;
				GENERATE_INFOPLIST_FILE = YES;
				IPHONEOS_DEPLOYMENT_TARGET = 16.2;
				MARKETING_VERSION = 1.0;
				PRODUCT_BUNDLE_IDENTIFIER = com.quimalabs.CabStoreTests;
				PRODUCT_NAME = "$(TARGET_NAME)";
				SWIFT_EMIT_LOC_STRINGS = NO;
				SWIFT_VERSION = 5.0;
				TARGETED_DEVICE_FAMILY = "1,2";
				TEST_HOST = "$(BUILT_PRODUCTS_DIR)/CabStore.app/$(BUNDLE_EXECUTABLE_FOLDER_PATH)/CabStore";
			};
			name = Debug;
		};
		C4F96B7329AFF9C7008F1A57 /* Release */ = {
			isa = XCBuildConfiguration;
			buildSettings = {
				ALWAYS_EMBED_SWIFT_STANDARD_LIBRARIES = YES;
				BUNDLE_LOADER = "$(TEST_HOST)";
				CODE_SIGN_STYLE = Automatic;
				CURRENT_PROJECT_VERSION = 1;
				DEVELOPMENT_TEAM = 73A3QCVC2H;
				GENERATE_INFOPLIST_FILE = YES;
				IPHONEOS_DEPLOYMENT_TARGET = 16.2;
				MARKETING_VERSION = 1.0;
				PRODUCT_BUNDLE_IDENTIFIER = com.quimalabs.CabStoreTests;
				PRODUCT_NAME = "$(TARGET_NAME)";
				SWIFT_EMIT_LOC_STRINGS = NO;
				SWIFT_VERSION = 5.0;
				TARGETED_DEVICE_FAMILY = "1,2";
				TEST_HOST = "$(BUILT_PRODUCTS_DIR)/CabStore.app/$(BUNDLE_EXECUTABLE_FOLDER_PATH)/CabStore";
			};
			name = Release;
		};
/* End XCBuildConfiguration section */

/* Begin XCConfigurationList section */
		C4F96B3F29AFF9C5008F1A57 /* Build configuration list for PBXProject "CabStore" */ = {
			isa = XCConfigurationList;
			buildConfigurations = (
				C4F96B6C29AFF9C7008F1A57 /* Debug */,
				C4F96B6D29AFF9C7008F1A57 /* Release */,
			);
			defaultConfigurationIsVisible = 0;
			defaultConfigurationName = Release;
		};
		C4F96B6E29AFF9C7008F1A57 /* Build configuration list for PBXNativeTarget "CabStore" */ = {
			isa = XCConfigurationList;
			buildConfigurations = (
				C4F96B6F29AFF9C7008F1A57 /* Debug */,
				C4F96B7029AFF9C7008F1A57 /* Release */,
			);
			defaultConfigurationIsVisible = 0;
			defaultConfigurationName = Release;
		};
		C4F96B7129AFF9C7008F1A57 /* Build configuration list for PBXNativeTarget "CabStoreTests" */ = {
			isa = XCConfigurationList;
			buildConfigurations = (
				C4F96B7229AFF9C7008F1A57 /* Debug */,
				C4F96B7329AFF9C7008F1A57 /* Release */,
			);
			defaultConfigurationIsVisible = 0;
			defaultConfigurationName = Release;
		};
/* End XCConfigurationList section */

/* Begin XCRemoteSwiftPackageReference section */
		C444A8FD29BD7A58008E8018 /* XCRemoteSwiftPackageReference "PunaUI" */ = {
			isa = XCRemoteSwiftPackageReference;
			repositoryURL = "https://github.com/Aquima/PunaUI";
			requirement = {
				branch = main;
				kind = branch;
			};
		};
		C4DDDA4029BD5C1A00BBB16E /* XCRemoteSwiftPackageReference "PureLayout" */ = {
			isa = XCRemoteSwiftPackageReference;
			repositoryURL = "https://github.com/PureLayout/PureLayout";
			requirement = {
				kind = upToNextMajorVersion;
				minimumVersion = 3.0.0;
			};
		};
		C4F96B7729B00B97008F1A57 /* XCRemoteSwiftPackageReference "Alamofire" */ = {
			isa = XCRemoteSwiftPackageReference;
			repositoryURL = "https://github.com/Alamofire/Alamofire";
			requirement = {
				branch = master;
				kind = branch;
			};
		};
		C4F96B7A29B00C0A008F1A57 /* XCRemoteSwiftPackageReference "SnapKit" */ = {
			isa = XCRemoteSwiftPackageReference;
			repositoryURL = "https://github.com/SnapKit/SnapKit.git";
			requirement = {
				kind = upToNextMajorVersion;
				minimumVersion = 5.0.0;
			};
		};
/* End XCRemoteSwiftPackageReference section */

/* Begin XCSwiftPackageProductDependency section */
		C444A8FE29BD7A58008E8018 /* PunaUI */ = {
			isa = XCSwiftPackageProductDependency;
			package = C444A8FD29BD7A58008E8018 /* XCRemoteSwiftPackageReference "PunaUI" */;
			productName = PunaUI;
		};
		C4DDDA4129BD5C1A00BBB16E /* PureLayout */ = {
			isa = XCSwiftPackageProductDependency;
			package = C4DDDA4029BD5C1A00BBB16E /* XCRemoteSwiftPackageReference "PureLayout" */;
			productName = PureLayout;
		};
		C4F96B7829B00B97008F1A57 /* Alamofire */ = {
			isa = XCSwiftPackageProductDependency;
			package = C4F96B7729B00B97008F1A57 /* XCRemoteSwiftPackageReference "Alamofire" */;
			productName = Alamofire;
		};
		C4F96B7B29B00C0A008F1A57 /* SnapKit */ = {
			isa = XCSwiftPackageProductDependency;
			package = C4F96B7A29B00C0A008F1A57 /* XCRemoteSwiftPackageReference "SnapKit" */;
			productName = SnapKit;
		};
/* End XCSwiftPackageProductDependency section */
	};
	rootObject = C4F96B3C29AFF9C5008F1A57 /* Project object */;
}
